PODS:
  - fast_barcode_scanner (0.0.1):
    - Flutter
  - Flutter (1.0.0)
  - torch_compat (0.0.1):
    - Flutter

DEPENDENCIES:
  - fast_barcode_scanner (from `.symlinks/plugins/fast_barcode_scanner/ios`)
  - Flutter (from `Flutter`)
  - torch_compat (from `.symlinks/plugins/torch_compat/ios`)

EXTERNAL SOURCES:
  fast_barcode_scanner:
    :path: ".symlinks/plugins/fast_barcode_scanner/ios"
  Flutter:
    :path: Flutter
  torch_compat:
    :path: ".symlinks/plugins/torch_compat/ios"

SPEC CHECKSUMS:
  fast_barcode_scanner: 0df01447443e9f9c7a6859844d8c4719887100b4
  Flutter: f04841e97a9d0b0a8025694d0796dd46242b2854
  torch_compat: db407d33ee78b4e556d0c5b46b70da3f5095bcb8

PODFILE CHECKSUM: fe0e1ee7f3d1f7d00b11b474b62dd62134535aea

COCOAPODS: 1.11.3
